
Microsoft Visual Studio Solution File, Format Version 12.00
# Visual Studio 15
VisualStudioVersion = 15.0.27428.2002
MinimumVisualStudioVersion = 10.0.40219.1
Project("{FAE04EC0-301F-11D3-BF4B-00C04F79EFBC}") = "WebChat", "WebChat\WebChat.csproj", "{1873BB38-7D56-4381-AABF-7D40E89AB0D2}"
EndProject
Global
	GlobalSection(SolutionConfigurationPlatforms) = preSolution
		Debug|Any CPU = Debug|Any CPU
		Release|Any CPU = Release|Any CPU
	EndGlobalSection
	GlobalSection(ProjectConfigurationPlatforms) = postSolution
		{1873BB38-7D56-4381-AABF-7D40E89AB0D2}.Debug|Any CPU.ActiveCfg = Debug|Any CPU
		{1873BB38-7D56-4381-AABF-7D40E89AB0D2}.Debug|Any CPU.Build.0 = Debug|Any CPU
		{1873BB38-7D56-4381-AABF-7D40E89AB0D2}.Release|Any CPU.ActiveCfg = Release|Any CPU
		{1873BB38-7D56-4381-AABF-7D40E89AB0D2}.Release|Any CPU.Build.0 = Release|Any CPU
	EndGlobalSection
	GlobalSection(SolutionProperties) = preSolution
		HideSolutionNode = FALSE
	EndGlobalSection
	GlobalSection(ExtensibilityGlobals) = postSolution
		SolutionGuid = {4C538771-C4E0-4AAA-948E-2314CB81B433}
	EndGlobalSection
EndGlobal
